
Microsoft Visual Studio Solution File, Format Version 12.00
# Visual Studio Version 17
VisualStudioVersion = 17.11.35222.181
MinimumVisualStudioVersion = 10.0.40219.1
Project("{FAE04EC0-301F-11D3-BF4B-00C04F79EFBC}") = "MVC01", "MVC01.csproj", "{5A6FA7E0-A609-4C5B-8AAC-D5A181DEF1DC}"
EndProject
Global
	GlobalSection(SolutionConfigurationPlatforms) = preSolution
		Debug|Any CPU = Debug|Any CPU
		Release|Any CPU = Release|Any CPU
	EndGlobalSection
	GlobalSection(ProjectConfigurationPlatforms) = postSolution
		{5A6FA7E0-A609-4C5B-8AAC-D5A181DEF1DC}.Debug|Any CPU.ActiveCfg = Debug|Any CPU
		{5A6FA7E0-A609-4C5B-8AAC-D5A181DEF1DC}.Debug|Any CPU.Build.0 = Debug|Any CPU
		{5A6FA7E0-A609-4C5B-8AAC-D5A181DEF1DC}.Release|Any CPU.ActiveCfg = Release|Any CPU
		{5A6FA7E0-A609-4C5B-8AAC-D5A181DEF1DC}.Release|Any CPU.Build.0 = Release|Any CPU
	EndGlobalSection
	GlobalSection(SolutionProperties) = preSolution
		HideSolutionNode = FALSE
	EndGlobalSection
	GlobalSection(ExtensibilityGlobals) = postSolution
		SolutionGuid = {CBC83293-72CB-421F-951A-5993F87AA05E}
	EndGlobalSection
EndGlobal
